# THIS IS AN AUTOGENERATED FILE. DO NOT EDIT THIS FILE DIRECTLY.
# yarn lockfile v1


"@oclif/prettier-config@^0.2.1":
  version "0.2.1"
  resolved "https://registry.yarnpkg.com/@oclif/prettier-config/-/prettier-config-0.2.1.tgz#1def9f38134f9bfb229257f48a35f7d0d183dc78"
  integrity sha512-XB8kwQj8zynXjIIWRm+6gO/r8Qft2xKtwBMSmq1JRqtA6TpwpqECqiu8LosBCyg2JBXuUy2lU23/L98KIR7FrQ==
